{
  "nodes": {
    "agenix": {
      "inputs": {
        "darwin": "darwin",
        "home-manager": ["nix-config", "home-manager"],
        "nixpkgs": ["nix-config", "nixpkgs"]
      },
      "locked": {
        "lastModified": 1701216516,
        "narHash": "sha256-jKSeJn+7hZ1dZdiH1L+NWUGT2i/BGomKAJ54B9kT06Q=",
        "owner": "ryantm",
        "repo": "agenix",
        "rev": "13ac9ac6d68b9a0896e3d43a082947233189e247",
        "type": "github"
      },
      "original": {
        "owner": "ryantm",
        "repo": "agenix",
        "type": "github"
      }
    },
    "ags": {
      "inputs": {
        "nixpkgs": ["nix-config", "nixpkgs"],
        "systems": "systems"
      },
      "locked": {
        "lastModified": 1721306136,
        "narHash": "sha256-VKPsIGf3/a+RONBipx4lEE4LXG2sdMNkWQu22LNQItg=",
        "owner": "Aylur",
        "repo": "ags",
        "rev": "344ea72cd3b8d4911f362fec34bce7d8fb37028c",
        "type": "github"
      },
      "original": {
        "owner": "Aylur",
        "repo": "ags",
        "type": "github"
      }
    },
    "ags-config": {
      "inputs": {
        "ags": ["nix-config", "ags"],
        "flake-compat": ["nix-config", "flake-compat"],
        "flake-utils": ["nix-config", "flake-utils"],
        "nixpkgs": ["nix-config", "nixpkgs"],
        "pre-commit-hooks": ["nix-config", "git-hooks"]
      },
      "locked": {
        "lastModified": 1710423167,
        "narHash": "sha256-CBmDimRGVwNd/etdr0uH3OBkJnCiUMztWGN+Meccrvc=",
        "owner": "JayRovacsek",
        "repo": "ags-config",
        "rev": "fbaa597ea3230ea584bda05d40c88b4e3598531a",
        "type": "github"
      },
      "original": {
        "owner": "JayRovacsek",
        "ref": "1.8.0",
        "repo": "ags-config",
        "type": "github"
      }
    },
    "base16": {
      "inputs": {
        "fromYaml": "fromYaml"
      },
      "locked": {
        "lastModified": 1689633990,
        "narHash": "sha256-iwvQg2Vx0IIDWZaKo8Xmzxlv1YPHg+Kp/QSv8dRv0RY=",
        "owner": "SenchoPens",
        "repo": "base16.nix",
        "rev": "dddf2e1c04845d43c89a8e9e37d574519649a404",
        "type": "github"
      },
      "original": {
        "owner": "SenchoPens",
        "repo": "base16.nix",
        "type": "github"
      }
    },
    "base16-alacritty": {
      "flake": false,
      "locked": {
        "lastModified": 1674275109,
        "narHash": "sha256-Adwx9yP70I6mJrjjODOgZJjt4OPPe8gJu7UuBboXO4M=",
        "owner": "aarowill",
        "repo": "base16-alacritty",
        "rev": "63d8ae5dfefe5db825dd4c699d0cdc2fc2c3eaf7",
        "type": "github"
      },
      "original": {
        "owner": "aarowill",
        "repo": "base16-alacritty",
        "type": "github"
      }
    },
    "base16-fish": {
      "flake": false,
      "locked": {
        "lastModified": 1622559957,
        "narHash": "sha256-PebymhVYbL8trDVVXxCvZgc0S5VxI7I1Hv4RMSquTpA=",
        "owner": "tomyun",
        "repo": "base16-fish",
        "rev": "2f6dd973a9075dabccd26f1cded09508180bf5fe",
        "type": "github"
      },
      "original": {
        "owner": "tomyun",
        "repo": "base16-fish",
        "type": "github"
      }
    },
    "base16-foot": {
      "flake": false,
      "locked": {
        "lastModified": 1696725948,
        "narHash": "sha256-65bz2bUL/yzZ1c8/GQASnoiGwaF8DczlxJtzik1c0AU=",
        "owner": "tinted-theming",
        "repo": "base16-foot",
        "rev": "eedbcfa30de0a4baa03e99f5e3ceb5535c2755ce",
        "type": "github"
      },
      "original": {
        "owner": "tinted-theming",
        "repo": "base16-foot",
        "type": "github"
      }
    },
    "base16-helix": {
      "flake": false,
      "locked": {
        "lastModified": 1696727917,
        "narHash": "sha256-FVrbPk+NtMra0jtlC5oxyNchbm8FosmvXIatkRbYy1g=",
        "owner": "tinted-theming",
        "repo": "base16-helix",
        "rev": "dbe1480d99fe80f08df7970e471fac24c05f2ddb",
        "type": "github"
      },
      "original": {
        "owner": "tinted-theming",
        "repo": "base16-helix",
        "type": "github"
      }
    },
    "base16-kitty": {
      "flake": false,
      "locked": {
        "lastModified": 1665001328,
        "narHash": "sha256-aRaizTYPpuWEcvoYE9U+YRX+Wsc8+iG0guQJbvxEdJY=",
        "owner": "kdrag0n",
        "repo": "base16-kitty",
        "rev": "06bb401fa9a0ffb84365905ffbb959ae5bf40805",
        "type": "github"
      },
      "original": {
        "owner": "kdrag0n",
        "repo": "base16-kitty",
        "type": "github"
      }
    },
    "base16-tmux": {
      "flake": false,
      "locked": {
        "lastModified": 1696725902,
        "narHash": "sha256-wDPg5elZPcQpu7Df0lI5O8Jv4A3T6jUQIVg63KDU+3Q=",
        "owner": "tinted-theming",
        "repo": "base16-tmux",
        "rev": "c02050bebb60dbb20cb433cd4d8ce668ecc11ba7",
        "type": "github"
      },
      "original": {
        "owner": "tinted-theming",
        "repo": "base16-tmux",
        "type": "github"
      }
    },
    "base16-vim": {
      "flake": false,
      "locked": {
        "lastModified": 1663659192,
        "narHash": "sha256-uJvaYYDMXvoo0fhBZUhN8WBXeJ87SRgof6GEK2efFT0=",
        "owner": "chriskempson",
        "repo": "base16-vim",
        "rev": "3be3cd82cd31acfcab9a41bad853d9c68d30478d",
        "type": "github"
      },
      "original": {
        "owner": "chriskempson",
        "repo": "base16-vim",
        "type": "github"
      }
    },
    "bats-assert": {
      "flake": false,
      "locked": {
        "lastModified": 1636059754,
        "narHash": "sha256-ewME0l27ZqfmAwJO4h5biTALc9bDLv7Bl3ftBzBuZwk=",
        "owner": "bats-core",
        "repo": "bats-assert",
        "rev": "34551b1d7f8c7b677c1a66fc0ac140d6223409e5",
        "type": "github"
      },
      "original": {
        "owner": "bats-core",
        "repo": "bats-assert",
        "type": "github"
      }
    },
    "bats-support": {
      "flake": false,
      "locked": {
        "lastModified": 1548869839,
        "narHash": "sha256-Gr4ntadr42F2Ks8Pte2D4wNDbijhujuoJi4OPZnTAZU=",
        "owner": "bats-core",
        "repo": "bats-support",
        "rev": "d140a65044b2d6810381935ae7f0c94c7023c8c3",
        "type": "github"
      },
      "original": {
        "owner": "bats-core",
        "repo": "bats-support",
        "type": "github"
      }
    },
    "bleeding-edge": {
      "locked": {
        "lastModified": 1702979416,
        "narHash": "sha256-+yWUByhmtsmNVuuqgx6Vqnl3h4rY33AbBsvaG3ERquo=",
        "owner": "nixos",
        "repo": "nixpkgs",
        "rev": "71d505009b68e8a7ad338be3dc0d67cd21645cb1",
        "type": "github"
      },
      "original": {
        "owner": "nixos",
        "repo": "nixpkgs",
        "type": "github"
      }
    },
    "crane": {
      "inputs": {
        "nixpkgs": ["nix-config", "ironbar", "nixpkgs"]
      },
      "locked": {
        "lastModified": 1717025063,
        "narHash": "sha256-dIubLa56W9sNNz0e8jGxrX3CAkPXsq7snuFA/Ie6dn8=",
        "owner": "ipetkov",
        "repo": "crane",
        "rev": "480dff0be03dac0e51a8dfc26e882b0d123a450e",
        "type": "github"
      },
      "original": {
        "owner": "ipetkov",
        "repo": "crane",
        "type": "github"
      }
    },
    "darwin": {
      "inputs": {
        "nixpkgs": ["nix-config", "agenix", "nixpkgs"]
      },
      "locked": {
        "lastModified": 1673295039,
        "narHash": "sha256-AsdYgE8/GPwcelGgrntlijMg4t3hLFJFCRF3tL5WVjA=",
        "owner": "lnl7",
        "repo": "nix-darwin",
        "rev": "87b9d090ad39b25b2400029c64825fc2a8868943",
        "type": "github"
      },
      "original": {
        "owner": "lnl7",
        "ref": "master",
        "repo": "nix-darwin",
        "type": "github"
      }
    },
    "devshell": {
      "inputs": {
        "flake-utils": ["nix-config", "flake-utils"],
        "nixpkgs": ["nix-config", "nixpkgs"]
      },
      "locked": {
        "lastModified": 1717408969,
        "narHash": "sha256-Q0OEFqe35fZbbRPPRdrjTUUChKVhhWXz3T9ZSKmaoVY=",
        "owner": "numtide",
        "repo": "devshell",
        "rev": "1ebbe68d57457c8cae98145410b164b5477761f4",
        "type": "github"
      },
      "original": {
        "owner": "numtide",
        "repo": "devshell",
        "type": "github"
      }
    },
    "disko": {
      "inputs": {
        "nixpkgs": ["nix-config", "nixpkgs"]
      },
      "locked": {
        "lastModified": 1721266288,
        "narHash": "sha256-MsyTzXu9CJVcBr44ct8ILKF/Ro7VlF+tVZTylzAoXSs=",
        "owner": "nix-community",
        "repo": "disko",
        "rev": "e8e8d9a3a9c1d0e654ccda7834bf0288a9d15c47",
        "type": "github"
      },
      "original": {
        "owner": "nix-community",
        "repo": "disko",
        "type": "github"
      }
    },
    "firefox-darwin": {
      "inputs": {
        "nixpkgs": ["nix-config", "nixpkgs"]
      },
      "locked": {
        "lastModified": 1702946598,
        "narHash": "sha256-xjolbm7f0JtBCs1vj870S1N/wDGT9py1kuGC7r80ruU=",
        "owner": "bandithedoge",
        "repo": "nixpkgs-firefox-darwin",
        "rev": "081c085946e9c8d5f9bd7d219a37e4bfc5c2adf8",
        "type": "github"
      },
      "original": {
        "owner": "bandithedoge",
        "repo": "nixpkgs-firefox-darwin",
        "type": "github"
      }
    },
    "flake-compat": {
      "flake": false,
      "locked": {
        "lastModified": 1696426674,
        "narHash": "sha256-kvjfFW7WAETZlt09AgDn1MrtKzP7t90Vf7vypd3OL1U=",
        "owner": "edolstra",
        "repo": "flake-compat",
        "rev": "0f9255e01c2351cc7d116c072cb317785dd33b33",
        "type": "github"
      },
      "original": {
        "owner": "edolstra",
        "repo": "flake-compat",
        "type": "github"
      }
    },
    "flake-compat_2": {
      "flake": false,
      "locked": {
        "lastModified": 1696426674,
        "narHash": "sha256-kvjfFW7WAETZlt09AgDn1MrtKzP7t90Vf7vypd3OL1U=",
        "owner": "edolstra",
        "repo": "flake-compat",
        "rev": "0f9255e01c2351cc7d116c072cb317785dd33b33",
        "type": "github"
      },
      "original": {
        "owner": "edolstra",
        "repo": "flake-compat",
        "type": "github"
      }
    },
    "flake-parts": {
      "inputs": {
        "nixpkgs-lib": "nixpkgs-lib"
      },
      "locked": {
        "lastModified": 1701473968,
        "narHash": "sha256-YcVE5emp1qQ8ieHUnxt1wCZCC3ZfAS+SRRWZ2TMda7E=",
        "owner": "hercules-ci",
        "repo": "flake-parts",
        "rev": "34fed993f1674c8d06d58b37ce1e0fe5eebcb9f5",
        "type": "github"
      },
      "original": {
        "owner": "hercules-ci",
        "repo": "flake-parts",
        "type": "github"
      }
    },
    "flake-root": {
      "locked": {
        "lastModified": 1713493429,
        "narHash": "sha256-ztz8JQkI08tjKnsTpfLqzWoKFQF4JGu2LRz8bkdnYUk=",
        "owner": "srid",
        "repo": "flake-root",
        "rev": "bc748b93b86ee76e2032eecda33440ceb2532fcd",
        "type": "github"
      },
      "original": {
        "owner": "srid",
        "repo": "flake-root",
        "type": "github"
      }
    },
    "flake-schemas": {
      "locked": {
        "lastModified": 1697467827,
        "narHash": "sha256-j8SR19V1SRysyJwpOBF4TLuAvAjF5t+gMiboN4gYQDU=",
        "owner": "DeterminateSystems",
        "repo": "flake-schemas",
        "rev": "764932025c817d4e500a8d2a4d8c565563923d29",
        "type": "github"
      },
      "original": {
        "owner": "DeterminateSystems",
        "repo": "flake-schemas",
        "type": "github"
      }
    },
    "flake-utils": {
      "inputs": {
        "systems": ["nix-config", "systems"]
      },
      "locked": {
        "lastModified": 1701680307,
        "narHash": "sha256-kAuep2h5ajznlPMD9rnQyffWG8EM/C73lejGofXvdM8=",
        "owner": "numtide",
        "repo": "flake-utils",
        "rev": "4022d587cbbfd70fe950c1e2083a02621806a725",
        "type": "github"
      },
      "original": {
        "owner": "numtide",
        "repo": "flake-utils",
        "type": "github"
      }
    },
    "flake-utils_2": {
      "inputs": {
        "systems": "systems_2"
      },
      "locked": {
        "lastModified": 1710146030,
        "narHash": "sha256-SZ5L6eA7HJ/nmkzGG7/ISclqe6oZdOZTNoesiInkXPQ=",
        "owner": "numtide",
        "repo": "flake-utils",
        "rev": "b1d9ab70662946ef0850d488da1c9019f3a9752a",
        "type": "github"
      },
      "original": {
        "owner": "numtide",
        "repo": "flake-utils",
        "type": "github"
      }
    },
    "fromYaml": {
      "flake": false,
      "locked": {
        "lastModified": 1689549921,
        "narHash": "sha256-iX0pk/uB019TdBGlaJEWvBCfydT6sRq+eDcGPifVsCM=",
        "owner": "SenchoPens",
        "repo": "fromYaml",
        "rev": "11fbbbfb32e3289d3c631e0134a23854e7865c84",
        "type": "github"
      },
      "original": {
        "owner": "SenchoPens",
        "repo": "fromYaml",
        "type": "github"
      }
    },
    "git-hooks": {
      "inputs": {
        "flake-compat": ["nix-config", "flake-compat"],
        "gitignore": ["nix-config", "gitignore"],
        "nixpkgs": ["nix-config", "nixpkgs"],
        "nixpkgs-stable": ["nix-config", "stable"]
      },
      "locked": {
        "lastModified": 1721042469,
        "narHash": "sha256-6FPUl7HVtvRHCCBQne7Ylp4p+dpP3P/OYuzjztZ4s70=",
        "owner": "cachix",
        "repo": "git-hooks.nix",
        "rev": "f451c19376071a90d8c58ab1a953c6e9840527fd",
        "type": "github"
      },
      "original": {
        "owner": "cachix",
        "repo": "git-hooks.nix",
        "type": "github"
      }
    },
    "gitignore": {
      "inputs": {
        "nixpkgs": ["nix-config", "nixpkgs"]
      },
      "locked": {
        "lastModified": 1694102001,
        "narHash": "sha256-vky6VPK1n1od6vXbqzOXnekrQpTL4hbPAwUhT5J9c9E=",
        "owner": "hercules-ci",
        "repo": "gitignore.nix",
        "rev": "9e21c80adf67ebcb077d75bd5e7d724d21eeafd6",
        "type": "github"
      },
      "original": {
        "owner": "hercules-ci",
        "repo": "gitignore.nix",
        "type": "github"
      }
    },
    "gitignore_2": {
      "inputs": {
        "nixpkgs": ["pre-commit-hooks", "nixpkgs"]
      },
      "locked": {
        "lastModified": 1709087332,
        "narHash": "sha256-HG2cCnktfHsKV0s4XW83gU3F57gaTljL9KNSuG6bnQs=",
        "owner": "hercules-ci",
        "repo": "gitignore.nix",
        "rev": "637db329424fd7e46cf4185293b9cc8c88c95394",
        "type": "github"
      },
      "original": {
        "owner": "hercules-ci",
        "repo": "gitignore.nix",
        "type": "github"
      }
    },
    "home-manager": {
      "inputs": {
        "nixpkgs": ["nixpkgs"]
      },
      "locked": {
        "lastModified": 1718141734,
        "narHash": "sha256-cA+6l8ZCZ7MXGijVuY/1f55+wF/RT4PlTR9+g4bx86w=",
        "owner": "nix-community",
        "repo": "home-manager",
        "rev": "892f76bd0aa09a0f7f73eb41834b8a904b6d0fad",
        "type": "github"
      },
      "original": {
        "owner": "nix-community",
        "repo": "home-manager",
        "type": "github"
      }
    },
    "home-manager_2": {
      "inputs": {
        "nixpkgs": ["nix-config", "nixpkgs"]
      },
      "locked": {
        "lastModified": 1702937117,
        "narHash": "sha256-4GjkL2D01bDg00UZN/SeGrnBZrDVOFeZTbQx6U702Vc=",
        "owner": "nix-community",
        "repo": "home-manager",
        "rev": "e8aaced73ebaf6bfa8e3c6ab0a19cb184bc4d798",
        "type": "github"
      },
      "original": {
        "owner": "nix-community",
        "repo": "home-manager",
        "type": "github"
      }
    },
    "impermanence": {
      "locked": {
        "lastModified": 1702948936,
        "narHash": "sha256-pWG4bn5idGphFspC9RBIMHPXvRf0aQb5JG0pAKpUedE=",
        "owner": "nix-community",
        "repo": "impermanence",
        "rev": "0c893cf08a6c9559e482466340e82ac1f569937d",
        "type": "github"
      },
      "original": {
        "owner": "nix-community",
        "repo": "impermanence",
        "type": "github"
      }
    },
    "ironbar": {
      "inputs": {
        "crane": "crane",
        "naersk": ["nix-config", "naersk"],
        "nixpkgs": ["nix-config", "nixpkgs"],
        "rust-overlay": ["nix-config", "rust-overlay"]
      },
      "locked": {
        "lastModified": 1720904669,
        "narHash": "sha256-Se+Pg81W8R+SFGFlhF1dU+NnMWSdLo3nC9TdPHa2IL4=",
        "owner": "JakeStanger",
        "repo": "ironbar",
        "rev": "58190ab079d00dd53babb72346f1da6e1cc9ac72",
        "type": "github"
      },
      "original": {
        "owner": "JakeStanger",
        "repo": "ironbar",
        "type": "github"
      }
    },
    "lib-aggregate": {
      "inputs": {
        "flake-utils": ["nix-config", "flake-utils"],
        "nixpkgs-lib": ["nix-config", "nixpkgs"]
      },
      "locked": {
        "lastModified": 1702814943,
        "narHash": "sha256-tNKSDbtoEDfCTs30dyW0Fcj4KJpjzTRASL6f2BbuSKE=",
        "owner": "nix-community",
        "repo": "lib-aggregate",
        "rev": "ac8b1c4cfb2f9111e709aaf503511df354e86733",
        "type": "github"
      },
      "original": {
        "owner": "nix-community",
        "repo": "lib-aggregate",
        "type": "github"
      }
    },
    "lix": {
      "inputs": {
        "flake-compat": ["nix-config", "flake-compat"],
        "nix2container": "nix2container",
        "nixpkgs": ["nix-config", "nixpkgs"],
        "nixpkgs-regression": "nixpkgs-regression",
        "pre-commit-hooks": ["nix-config", "git-hooks"]
      },
      "locked": {
        "lastModified": 1721324432,
        "narHash": "sha256-SkALa1bLiyROFslXDfBZeitmOSUVUU0+3ewDvDYfxsc=",
        "ref": "refs/heads/main",
        "rev": "5ee1e6ea9887a54f0af3a66528abc04b17611516",
        "revCount": 15980,
        "type": "git",
        "url": "https://git.lix.systems/lix-project/lix.git"
      },
      "original": {
        "type": "git",
        "url": "https://git.lix.systems/lix-project/lix.git"
      }
    },
    "microvm": {
      "inputs": {
        "flake-utils": ["nix-config", "flake-utils"],
        "nixpkgs": ["nix-config", "nixpkgs"]
      },
      "locked": {
        "lastModified": 1702946274,
        "narHash": "sha256-4eYMBzBOj8rin0xzSnWFTXDcy+Sbr7oQ/gS2cQU96ac=",
        "owner": "astro",
        "repo": "microvm.nix",
        "rev": "7e429619284c64c128108a7e1e8cf0a5d334118d",
        "type": "github"
      },
      "original": {
        "owner": "astro",
        "repo": "microvm.nix",
        "type": "github"
      }
    },
    "naersk": {
      "inputs": {
        "nixpkgs": ["nix-config", "nixpkgs"]
      },
      "locked": {
        "lastModified": 1698420672,
        "narHash": "sha256-/TdeHMPRjjdJub7p7+w55vyABrsJlt5QkznPYy55vKA=",
        "owner": "nix-community",
        "repo": "naersk",
        "rev": "aeb58d5e8faead8980a807c840232697982d47b9",
        "type": "github"
      },
      "original": {
        "owner": "nix-community",
        "repo": "naersk",
        "type": "github"
      }
    },
    "nix-config": {
      "inputs": {
        "agenix": "agenix",
        "ags": "ags",
        "ags-config": "ags-config",
        "bleeding-edge": "bleeding-edge",
        "devshell": "devshell",
        "disko": "disko",
        "firefox-darwin": "firefox-darwin",
        "flake-compat": "flake-compat",
        "flake-parts": "flake-parts",
        "flake-root": "flake-root",
        "flake-schemas": "flake-schemas",
        "flake-utils": "flake-utils",
        "git-hooks": "git-hooks",
        "gitignore": "gitignore",
        "home-manager": "home-manager_2",
        "impermanence": "impermanence",
        "ironbar": "ironbar",
        "lib-aggregate": "lib-aggregate",
        "lix": "lix",
        "microvm": "microvm",
        "naersk": "naersk",
        "nix-darwin": "nix-darwin",
        "nix-eval-jobs": "nix-eval-jobs",
        "nix-github-actions": "nix-github-actions",
        "nix-monitored": "nix-monitored",
        "nix-topology": "nix-topology",
        "nixos-generators": "nixos-generators",
        "nixos-hardware": "nixos-hardware",
        "nixos-wsl": "nixos-wsl",
        "nixpkgs": "nixpkgs",
        "nixpkgs-wayland": "nixpkgs-wayland",
        "nixvim": "nixvim",
        "nur": "nur",
        "rust-overlay": "rust-overlay",
        "sandro-nixos-modules": "sandro-nixos-modules",
        "stable": "stable",
        "stylix": "stylix",
        "systems": "systems_3",
        "terranix": "terranix",
        "treefmt-nix": "treefmt-nix"
      },
      "locked": {
        "lastModified": 1721041650,
        "narHash": "sha256-U3QFVsBsKHiaTh1Fse3PhZiSprZEHbSJPR7wHpN9iD0=",
        "owner": "JayRovacsek",
        "repo": "nix-config",
        "rev": "3b56d70edbcf379fe05c329fd79eb8d603682b38",
        "type": "github"
      },
      "original": {
        "owner": "JayRovacsek",
        "repo": "nix-config",
        "type": "github"
      }
    },
    "nix-darwin": {
      "inputs": {
        "nixpkgs": ["nix-config", "nixpkgs"]
      },
      "locked": {
        "lastModified": 1700795494,
        "narHash": "sha256-gzGLZSiOhf155FW7262kdHo2YDeugp3VuIFb4/GGng0=",
        "owner": "lnl7",
        "repo": "nix-darwin",
        "rev": "4b9b83d5a92e8c1fbfd8eb27eda375908c11ec4d",
        "type": "github"
      },
      "original": {
        "owner": "lnl7",
        "ref": "master",
        "repo": "nix-darwin",
        "type": "github"
      }
    },
    "nix-darwin_2": {
      "inputs": {
        "nixpkgs": ["nixpkgs"]
      },
      "locked": {
        "lastModified": 1717976995,
        "narHash": "sha256-u3HBinyIyUvL1+N816bODpJmSQdgn0Mbb8BprFw7kqo=",
        "owner": "lnl7",
        "repo": "nix-darwin",
        "rev": "315aa649ba307704db0b16c92f097a08a65ec955",
        "type": "github"
      },
      "original": {
        "owner": "lnl7",
        "ref": "master",
        "repo": "nix-darwin",
        "type": "github"
      }
    },
    "nix-eval-jobs": {
      "inputs": {
        "flake-parts": ["nix-config", "flake-parts"],
        "nix-github-actions": ["nix-config", "nix-github-actions"],
        "nixpkgs": ["nix-config", "nixpkgs"],
        "treefmt-nix": ["nix-config", "treefmt-nix"]
      },
      "locked": {
        "lastModified": 1720931326,
        "narHash": "sha256-QHajV5BjfaMWbiOAJ/MGH+exXo+CjzUpkxxEtz0ZZ2k=",
        "owner": "nix-community",
        "repo": "nix-eval-jobs",
        "rev": "c132534bc68eb48479a59a3116ee7ce0f16ce12b",
        "type": "github"
      },
      "original": {
        "owner": "nix-community",
        "repo": "nix-eval-jobs",
        "type": "github"
      }
    },
    "nix-filter": {
      "locked": {
        "lastModified": 1710156097,
        "narHash": "sha256-1Wvk8UP7PXdf8bCCaEoMnOT1qe5/Duqgj+rL8sRQsSM=",
        "owner": "numtide",
        "repo": "nix-filter",
        "rev": "3342559a24e85fc164b295c3444e8a139924675b",
        "type": "github"
      },
      "original": {
        "owner": "numtide",
        "repo": "nix-filter",
        "type": "github"
      }
    },
    "nix-github-actions": {
      "inputs": {
        "nixpkgs": ["nix-config", "nixpkgs"]
      },
      "locked": {
        "lastModified": 1720066371,
        "narHash": "sha256-uPlLYH2S0ACj0IcgaK9Lsf4spmJoGejR9DotXiXSBZQ=",
        "owner": "nix-community",
        "repo": "nix-github-actions",
        "rev": "622f829f5fe69310a866c8a6cd07e747c44ef820",
        "type": "github"
      },
      "original": {
        "owner": "nix-community",
        "repo": "nix-github-actions",
        "type": "github"
      }
    },
    "nix-monitored": {
      "inputs": {
        "nix-filter": "nix-filter",
        "nixpkgs": ["nix-config", "nixpkgs"]
      },
      "locked": {
        "lastModified": 1692605628,
        "narHash": "sha256-jBasvDCk9V32JuwtPy1G4KyVAc2eaBSf2X5eRNQgIkY=",
        "owner": "ners",
        "repo": "nix-monitored",
        "rev": "6be92b0c1eca7ef501b4f92735885e7cb4db414b",
        "type": "github"
      },
      "original": {
        "owner": "ners",
        "repo": "nix-monitored",
        "type": "github"
      }
    },
    "nix-topology": {
      "inputs": {
        "devshell": ["nix-config", "devshell"],
        "flake-utils": ["nix-config", "flake-utils"],
        "nixpkgs": ["nix-config", "nixpkgs"],
        "pre-commit-hooks": ["nix-config", "git-hooks"]
      },
      "locked": {
        "lastModified": 1721160643,
        "narHash": "sha256-ZkjJnwgDUkjzgySZv9GjKnDsDmNJVkU2u2pLD4a1QKA=",
        "owner": "oddlama",
        "repo": "nix-topology",
        "rev": "fe9ace7f40a63e3eb9b39a20a1032834e090d806",
        "type": "github"
      },
      "original": {
        "owner": "oddlama",
        "repo": "nix-topology",
        "type": "github"
      }
    },
    "nix2container": {
      "flake": false,
      "locked": {
        "lastModified": 1712990762,
        "narHash": "sha256-hO9W3w7NcnYeX8u8cleHiSpK2YJo7ecarFTUlbybl7k=",
        "owner": "nlewo",
        "repo": "nix2container",
        "rev": "20aad300c925639d5d6cbe30013c8357ce9f2a2e",
        "type": "github"
      },
      "original": {
        "owner": "nlewo",
        "repo": "nix2container",
        "type": "github"
      }
    },
    "nixlib": {
      "locked": {
        "lastModified": 1693701915,
        "narHash": "sha256-waHPLdDYUOHSEtMKKabcKIMhlUOHPOOPQ9UyFeEoovs=",
        "owner": "nix-community",
        "repo": "nixpkgs.lib",
        "rev": "f5af57d3ef9947a70ac86e42695231ac1ad00c25",
        "type": "github"
      },
      "original": {
        "owner": "nix-community",
        "repo": "nixpkgs.lib",
        "type": "github"
      }
    },
    "nixos-generators": {
      "inputs": {
        "nixlib": "nixlib",
        "nixpkgs": ["nix-config", "nixpkgs"]
      },
      "locked": {
        "lastModified": 1701689616,
        "narHash": "sha256-ewnfgvRy73HoP5KnYmy1Rcr4m4yShvsb6TCCaKoW8pc=",
        "owner": "nix-community",
        "repo": "nixos-generators",
        "rev": "246219bc21b943c6f6812bb7744218ba0df08600",
        "type": "github"
      },
      "original": {
        "owner": "nix-community",
        "repo": "nixos-generators",
        "type": "github"
      }
    },
    "nixos-hardware": {
      "locked": {
        "lastModified": 1702453208,
        "narHash": "sha256-0wRi9SposfE2wHqjuKt8WO2izKB/ASDOV91URunIqgo=",
        "owner": "NixOS",
        "repo": "nixos-hardware",
        "rev": "7763c6fd1f299cb9361ff2abf755ed9619ef01d6",
        "type": "github"
      },
      "original": {
        "owner": "NixOS",
        "ref": "master",
        "repo": "nixos-hardware",
        "type": "github"
      }
    },
    "nixos-wsl": {
      "inputs": {
        "flake-compat": ["nix-config", "flake-compat"],
        "flake-utils": ["nix-config", "flake-utils"],
        "nixpkgs": ["nix-config", "nixpkgs"]
      },
      "locked": {
        "lastModified": 1670775588,
        "narHash": "sha256-TCfA98qfZhBj0SN9RN23l/tuz82KwGHH7r2axkjQZig=",
        "owner": "nix-community",
        "repo": "NixOS-WSL",
        "rev": "3721fe7c056e18c4ded6c405dbee719692a4528a",
        "type": "github"
      },
      "original": {
        "owner": "nix-community",
        "repo": "NixOS-WSL",
        "rev": "3721fe7c056e18c4ded6c405dbee719692a4528a",
        "type": "github"
      }
    },
    "nixpkgs": {
      "locked": {
        "lastModified": 1702900294,
        "narHash": "sha256-pt7sSoJYNw3n8YtXw0Z/Nnr6/PfY2YrjDvqboErXnRM=",
        "owner": "nixos",
        "repo": "nixpkgs",
        "rev": "886c9aee6ca9324e127f9c2c4e6f68c2641c8256",
        "type": "github"
      },
      "original": {
        "owner": "nixos",
        "ref": "nixpkgs-unstable",
        "repo": "nixpkgs",
        "type": "github"
      }
    },
    "nixpkgs-lib": {
      "locked": {
        "dir": "lib",
        "lastModified": 1701253981,
        "narHash": "sha256-ztaDIyZ7HrTAfEEUt9AtTDNoCYxUdSd6NrRHaYOIxtk=",
        "owner": "NixOS",
        "repo": "nixpkgs",
        "rev": "e92039b55bcd58469325ded85d4f58dd5a4eaf58",
        "type": "github"
      },
      "original": {
        "dir": "lib",
        "owner": "NixOS",
        "ref": "nixos-unstable",
        "repo": "nixpkgs",
        "type": "github"
      }
    },
    "nixpkgs-regression": {
      "locked": {
        "lastModified": 1643052045,
        "narHash": "sha256-uGJ0VXIhWKGXxkeNnq4TvV3CIOkUJ3PAoLZ3HMzNVMw=",
        "owner": "NixOS",
        "repo": "nixpkgs",
        "rev": "215d4d0fd80ca5163643b03a33fde804a29cc1e2",
        "type": "github"
      },
      "original": {
        "owner": "NixOS",
        "repo": "nixpkgs",
        "rev": "215d4d0fd80ca5163643b03a33fde804a29cc1e2",
        "type": "github"
      }
    },
    "nixpkgs-stable": {
      "locked": {
        "lastModified": 1710695816,
        "narHash": "sha256-3Eh7fhEID17pv9ZxrPwCLfqXnYP006RKzSs0JptsN84=",
        "owner": "NixOS",
        "repo": "nixpkgs",
        "rev": "614b4613980a522ba49f0d194531beddbb7220d3",
        "type": "github"
      },
      "original": {
        "owner": "NixOS",
        "ref": "nixos-23.11",
        "repo": "nixpkgs",
        "type": "github"
      }
    },
    "nixpkgs-wayland": {
      "inputs": {
        "flake-compat": ["nix-config", "flake-compat"],
        "lib-aggregate": ["nix-config", "lib-aggregate"],
        "nix-eval-jobs": ["nix-config", "nix-eval-jobs"],
        "nixpkgs": ["nix-config", "nixpkgs"]
      },
      "locked": {
        "lastModified": 1721317023,
        "narHash": "sha256-U3vjp0cD8UaLcHgHUkt3Xn2dyjRBczkRElC6QmJRo1A=",
        "owner": "nix-community",
        "repo": "nixpkgs-wayland",
        "rev": "b8d5814544f54426f032ca6f783a00920dc96809",
        "type": "github"
      },
      "original": {
        "owner": "nix-community",
        "repo": "nixpkgs-wayland",
        "type": "github"
      }
    },
    "nixpkgs_2": {
      "locked": {
        "lastModified": 1718149104,
        "narHash": "sha256-Ds1QpobBX2yoUDx9ZruqVGJ/uQPgcXoYuobBguyKEh8=",
        "owner": "nixos",
        "repo": "nixpkgs",
        "rev": "e913ae340076bbb73d9f4d3d065c2bca7caafb16",
        "type": "github"
      },
      "original": {
        "owner": "nixos",
        "ref": "nixpkgs-unstable",
        "repo": "nixpkgs",
        "type": "github"
      }
    },
    "nixvim": {
      "inputs": {
        "devshell": ["nix-config", "devshell"],
        "flake-compat": ["nix-config", "flake-compat"],
        "flake-parts": ["nix-config", "flake-parts"],
        "git-hooks": ["nix-config", "git-hooks"],
        "home-manager": ["nix-config", "home-manager"],
        "nix-darwin": ["nix-config", "nix-darwin"],
        "nixpkgs": ["nix-config", "nixpkgs"],
        "treefmt-nix": ["nix-config", "treefmt-nix"]
      },
      "locked": {
        "lastModified": 1721224205,
        "narHash": "sha256-W0+l7HNzZfEmIx/1Yp3Tow/GZILVjrMjWfTt1Mos7mI=",
        "owner": "nix-community",
        "repo": "nixvim",
        "rev": "55bda0cc3b230255d271e5eef82f3279dae9f859",
        "type": "github"
      },
      "original": {
        "owner": "nix-community",
        "repo": "nixvim",
        "type": "github"
      }
    },
    "nur": {
      "locked": {
        "lastModified": 1702975444,
        "narHash": "sha256-fkXyNYhf8TMF3FPouMfml6/Yn0OdU1XnRh6ydNM5StI=",
        "owner": "nix-community",
        "repo": "NUR",
        "rev": "ca61de8f2817c3e0ec1b7fabedb0617af3c05cf9",
        "type": "github"
      },
      "original": {
        "owner": "nix-community",
        "repo": "NUR",
        "type": "github"
      }
    },
    "pre-commit-hooks": {
      "inputs": {
        "flake-compat": "flake-compat_2",
        "gitignore": "gitignore_2",
        "nixpkgs": ["nixpkgs"],
        "nixpkgs-stable": "nixpkgs-stable"
      },
      "locked": {
        "lastModified": 1717664902,
        "narHash": "sha256-7XfBuLULizXjXfBYy/VV+SpYMHreNRHk9nKMsm1bgb4=",
        "owner": "cachix",
        "repo": "pre-commit-hooks.nix",
        "rev": "cc4d466cb1254af050ff7bdf47f6d404a7c646d1",
        "type": "github"
      },
      "original": {
        "owner": "cachix",
        "repo": "pre-commit-hooks.nix",
        "type": "github"
      }
    },
    "root": {
      "inputs": {
        "home-manager": "home-manager",
        "nix-config": "nix-config",
        "nix-darwin": "nix-darwin_2",
        "nixpkgs": "nixpkgs_2",
        "pre-commit-hooks": "pre-commit-hooks"
      }
    },
    "rust-overlay": {
      "inputs": {
        "flake-utils": "flake-utils_2",
        "nixpkgs": ["nix-config", "nixpkgs"]
      },
      "locked": {
        "lastModified": 1702952173,
        "narHash": "sha256-24kUnTZgXP5B/fs1/f61tJuHyFrJ8824rn1B/0hL1og=",
        "owner": "oxalica",
        "repo": "rust-overlay",
        "rev": "20fd62b0891707a1db8117d09fc3e65a1cd0f6d7",
        "type": "github"
      },
      "original": {
        "owner": "oxalica",
        "repo": "rust-overlay",
        "type": "github"
      }
    },
    "sandro-nixos-modules": {
      "inputs": {
        "flake-utils": ["nix-config", "flake-utils"],
        "nixpkgs": ["nix-config", "nixpkgs"],
        "search": "search"
      },
      "locked": {
        "lastModified": 1721142571,
        "narHash": "sha256-IQQn6D2nz1eOHCujKR3j8QP8m9p2yWQi+UsK5Azgg0A=",
        "owner": "SuperSandro2000",
        "repo": "nixos-modules",
        "rev": "24944c1da34924d06a2d579ccf0282c55a820634",
        "type": "github"
      },
      "original": {
        "owner": "SuperSandro2000",
        "repo": "nixos-modules",
        "type": "github"
      }
    },
    "search": {
      "inputs": {
        "flake-utils": ["nix-config", "sandro-nixos-modules", "flake-utils"],
        "nixpkgs": ["nix-config", "sandro-nixos-modules", "nixpkgs"]
      },
      "locked": {
        "lastModified": 1720979782,
        "narHash": "sha256-w3+Y7ZvFq/iehDyV8Lx96W1m1lYuY/JYmOEk2Zvmf00=",
        "owner": "nuschtos",
        "repo": "search",
        "rev": "a2ad354cab925f188a404149b5893995d6d06b8a",
        "type": "github"
      },
      "original": {
        "owner": "nuschtos",
        "repo": "search",
        "type": "github"
      }
    },
    "stable": {
      "locked": {
        "lastModified": 1721329042,
        "narHash": "sha256-kUthEWmOYMRrfdukM0uqoiR6ClUIOy1n3AjYJ7X6eh8=",
        "owner": "nixos",
        "repo": "nixpkgs",
        "rev": "232edbd4b6d9fba4017359dc5f23765e94370c7c",
        "type": "github"
      },
      "original": {
        "owner": "nixos",
        "ref": "release-24.05",
        "repo": "nixpkgs",
        "type": "github"
      }
    },
    "stylix": {
      "inputs": {
        "base16": "base16",
        "base16-alacritty": "base16-alacritty",
        "base16-fish": "base16-fish",
        "base16-foot": "base16-foot",
        "base16-helix": "base16-helix",
        "base16-kitty": "base16-kitty",
        "base16-tmux": "base16-tmux",
        "base16-vim": "base16-vim",
        "flake-compat": ["nix-config", "flake-compat"],
        "home-manager": ["nix-config", "home-manager"],
        "nixpkgs": ["nix-config", "nixpkgs"]
      },
      "locked": {
        "lastModified": 1702559747,
        "narHash": "sha256-d6AmQp3M00WMPJquNfGVzIol5iojD1pi9slek+4N9VY=",
        "owner": "danth",
        "repo": "stylix",
        "rev": "41d218597590a89324a4b7c50cf0bf088a7214ba",
        "type": "github"
      },
      "original": {
        "owner": "danth",
        "repo": "stylix",
        "type": "github"
      }
    },
    "systems": {
      "locked": {
        "lastModified": 1689347949,
        "narHash": "sha256-12tWmuL2zgBgZkdoB6qXZsgJEH9LR3oUgpaQq2RbI80=",
        "owner": "nix-systems",
        "repo": "default-linux",
        "rev": "31732fcf5e8fea42e59c2488ad31a0e651500f68",
        "type": "github"
      },
      "original": {
        "owner": "nix-systems",
        "repo": "default-linux",
        "type": "github"
      }
    },
    "systems_2": {
      "locked": {
        "lastModified": 1681028828,
        "narHash": "sha256-Vy1rq5AaRuLzOxct8nz4T6wlgyUR7zLU309k9mBC768=",
        "owner": "nix-systems",
        "repo": "default",
        "rev": "da67096a3b9bf56a91d16901293e51ba5b49a27e",
        "type": "github"
      },
      "original": {
        "owner": "nix-systems",
        "repo": "default",
        "type": "github"
      }
    },
    "systems_3": {
      "locked": {
        "lastModified": 1681028828,
        "narHash": "sha256-Vy1rq5AaRuLzOxct8nz4T6wlgyUR7zLU309k9mBC768=",
        "owner": "nix-systems",
        "repo": "default",
        "rev": "da67096a3b9bf56a91d16901293e51ba5b49a27e",
        "type": "github"
      },
      "original": {
        "owner": "nix-systems",
        "repo": "default",
        "type": "github"
      }
    },
    "terranix": {
      "inputs": {
        "bats-assert": "bats-assert",
        "bats-support": "bats-support",
        "flake-utils": ["nix-config", "flake-utils"],
        "nixpkgs": ["nix-config", "nixpkgs"],
        "terranix-examples": "terranix-examples"
      },
      "locked": {
        "lastModified": 1695406838,
        "narHash": "sha256-xiUfVD6rtsVWFotVtUW3Q1nQh4obKzgvpN1wqZuGXvM=",
        "owner": "terranix",
        "repo": "terranix",
        "rev": "fc9077ca02ab5681935dbf0ecd725c4d889b9275",
        "type": "github"
      },
      "original": {
        "owner": "terranix",
        "repo": "terranix",
        "type": "github"
      }
    },
    "terranix-examples": {
      "locked": {
        "lastModified": 1636300201,
        "narHash": "sha256-0n1je1WpiR6XfCsvi8ZK7GrpEnMl+DpwhWaO1949Vbc=",
        "owner": "terranix",
        "repo": "terranix-examples",
        "rev": "a934aa1cf88f6bd6c6ddb4c77b77ec6e1660bd5e",
        "type": "github"
      },
      "original": {
        "owner": "terranix",
        "repo": "terranix-examples",
        "type": "github"
      }
    },
    "treefmt-nix": {
      "inputs": {
        "nixpkgs": ["nix-config", "nixpkgs"]
      },
      "locked": {
        "lastModified": 1702979157,
        "narHash": "sha256-RnFBbLbpqtn4AoJGXKevQMCGhra4h6G2MPcuTSZZQ+g=",
        "owner": "numtide",
        "repo": "treefmt-nix",
        "rev": "2961375283668d867e64129c22af532de8e77734",
        "type": "github"
      },
      "original": {
        "owner": "numtide",
        "repo": "treefmt-nix",
        "type": "github"
      }
    }
  },
  "root": "root",
  "version": 7
}
